
Microsoft Visual Studio Solution File, Format Version 12.00
# Visual Studio 15
VisualStudioVersion = 15.0.27428.2043
MinimumVisualStudioVersion = 10.0.40219.1
Project("{F184B08F-C81C-45F6-A57F-5ABD9991F28F}") = "Week4 HW2", "Week4 HW2\Week4 HW2.vbproj", "{C10B7467-C37D-4260-8DB9-46E277C9902D}"
EndProject
Global
	GlobalSection(SolutionConfigurationPlatforms) = preSolution
		Debug|Any CPU = Debug|Any CPU
		Release|Any CPU = Release|Any CPU
	EndGlobalSection
	GlobalSection(ProjectConfigurationPlatforms) = postSolution
		{C10B7467-C37D-4260-8DB9-46E277C9902D}.Debug|Any CPU.ActiveCfg = Debug|Any CPU
		{C10B7467-C37D-4260-8DB9-46E277C9902D}.Debug|Any CPU.Build.0 = Debug|Any CPU
		{C10B7467-C37D-4260-8DB9-46E277C9902D}.Release|Any CPU.ActiveCfg = Release|Any CPU
		{C10B7467-C37D-4260-8DB9-46E277C9902D}.Release|Any CPU.Build.0 = Release|Any CPU
	EndGlobalSection
	GlobalSection(SolutionProperties) = preSolution
		HideSolutionNode = FALSE
	EndGlobalSection
	GlobalSection(ExtensibilityGlobals) = postSolution
		SolutionGuid = {27176A39-B44F-46CA-881D-7D0333E077E3}
	EndGlobalSection
EndGlobal
