
Microsoft Visual Studio Solution File, Format Version 12.00
# Visual Studio 15
VisualStudioVersion = 15.0.27428.2043
MinimumVisualStudioVersion = 10.0.40219.1
Project("{F184B08F-C81C-45F6-A57F-5ABD9991F28F}") = "Week7 WS1", "Week7 WS1\Week7 WS1.vbproj", "{AF3D5E94-87CF-49C4-B5D6-DD7CDD94B11A}"
EndProject
Global
	GlobalSection(SolutionConfigurationPlatforms) = preSolution
		Debug|Any CPU = Debug|Any CPU
		Release|Any CPU = Release|Any CPU
	EndGlobalSection
	GlobalSection(ProjectConfigurationPlatforms) = postSolution
		{AF3D5E94-87CF-49C4-B5D6-DD7CDD94B11A}.Debug|Any CPU.ActiveCfg = Debug|Any CPU
		{AF3D5E94-87CF-49C4-B5D6-DD7CDD94B11A}.Debug|Any CPU.Build.0 = Debug|Any CPU
		{AF3D5E94-87CF-49C4-B5D6-DD7CDD94B11A}.Release|Any CPU.ActiveCfg = Release|Any CPU
		{AF3D5E94-87CF-49C4-B5D6-DD7CDD94B11A}.Release|Any CPU.Build.0 = Release|Any CPU
	EndGlobalSection
	GlobalSection(SolutionProperties) = preSolution
		HideSolutionNode = FALSE
	EndGlobalSection
	GlobalSection(ExtensibilityGlobals) = postSolution
		SolutionGuid = {4E1D3C9F-260A-4507-B539-9AE2B840F17A}
	EndGlobalSection
EndGlobal
